// !$*UTF8*$!
{
	archiveVersion = 1;
	classes = {
	};
	objectVersion = 46;
	objects = {

/* Begin PBXBuildFile section */
		CB5DB8591CE3BA3C0091A1CD /* wall.cpp in Sources */ = {isa = PBXBuildFile; fileRef = CB5DB8571CE3BA3C0091A1CD /* wall.cpp */; };
		CB82FA651CE1163A00AB76A0 /* NPC.cpp in Sources */ = {isa = PBXBuildFile; fileRef = CB82FA631CE1163A00AB76A0 /* NPC.cpp */; };
		CBF795BE1CE042EF004B91FE /* main_function.cpp in Sources */ = {isa = PBXBuildFile; fileRef = CBF795BD1CE042EF004B91FE /* main_function.cpp */; };
		CBF795C91CE05963004B91FE /* character.cpp in Sources */ = {isa = PBXBuildFile; fileRef = CBF795C71CE05963004B91FE /* character.cpp */; };
		CBFBA98A1CDA824200C8FBCE /* SDL2.framework in Frameworks */ = {isa = PBXBuildFile; fileRef = CBFBA9891CDA824200C8FBCE /* SDL2.framework */; };
		CBFBA98C1CDA828800C8FBCE /* SDL2_image.framework in Frameworks */ = {isa = PBXBuildFile; fileRef = CBFBA98B1CDA828800C8FBCE /* SDL2_image.framework */; };
		CBFBA98F1CDA841400C8FBCE /* main.cpp in Sources */ = {isa = PBXBuildFile; fileRef = CBFBA98D1CDA841400C8FBCE /* main.cpp */; };
		CBFBA9951CDA882C00C8FBCE /* sdl_setup.cpp in Sources */ = {isa = PBXBuildFile; fileRef = CBFBA9931CDA882C00C8FBCE /* sdl_setup.cpp */; };
		CBFBA9981CDA897500C8FBCE /* sprite.cpp in Sources */ = {isa = PBXBuildFile; fileRef = CBFBA9961CDA897500C8FBCE /* sprite.cpp */; };
		CBFBA99B1CDA89C700C8FBCE /* collision_rectangle.cpp in Sources */ = {isa = PBXBuildFile; fileRef = CBFBA9991CDA89C700C8FBCE /* collision_rectangle.cpp */; };
		CBFBA99E1CDA8A9100C8FBCE /* environment.cpp in Sources */ = {isa = PBXBuildFile; fileRef = CBFBA99C1CDA8A9100C8FBCE /* environment.cpp */; };
/* End PBXBuildFile section */

/* Begin PBXCopyFilesBuildPhase section */
		CBFBA97A1CD996E200C8FBCE /* CopyFiles */ = {
			isa = PBXCopyFilesBuildPhase;
			buildActionMask = 2147483647;
			dstPath = /usr/share/man/man1;
			dstSubfolderSpec = 0;
			files = (
			);
			runOnlyForDeploymentPostprocessing = 1;
		};
/* End PBXCopyFilesBuildPhase section */

/* Begin PBXFileReference section */
		CB5DB8571CE3BA3C0091A1CD /* wall.cpp */ = {isa = PBXFileReference; fileEncoding = 4; lastKnownFileType = sourcecode.cpp.cpp; path = wall.cpp; sourceTree = "<group>"; };
		CB5DB8581CE3BA3C0091A1CD /* wall.hpp */ = {isa = PBXFileReference; fileEncoding = 4; lastKnownFileType = sourcecode.cpp.h; path = wall.hpp; sourceTree = "<group>"; };
		CB82FA631CE1163A00AB76A0 /* NPC.cpp */ = {isa = PBXFileReference; fileEncoding = 4; lastKnownFileType = sourcecode.cpp.cpp; path = NPC.cpp; sourceTree = "<group>"; };
		CB82FA641CE1163A00AB76A0 /* NPC.hpp */ = {isa = PBXFileReference; fileEncoding = 4; lastKnownFileType = sourcecode.cpp.h; path = NPC.hpp; sourceTree = "<group>"; };
		CBF795BD1CE042EF004B91FE /* main_function.cpp */ = {isa = PBXFileReference; fileEncoding = 4; lastKnownFileType = sourcecode.cpp.cpp; path = main_function.cpp; sourceTree = "<group>"; };
		CBF795C31CE04C26004B91FE /* images */ = {isa = PBXFileReference; lastKnownFileType = folder; path = images; sourceTree = "<group>"; };
		CBF795C71CE05963004B91FE /* character.cpp */ = {isa = PBXFileReference; fileEncoding = 4; lastKnownFileType = sourcecode.cpp.cpp; path = character.cpp; sourceTree = "<group>"; };
		CBF795C81CE05963004B91FE /* character.hpp */ = {isa = PBXFileReference; fileEncoding = 4; lastKnownFileType = sourcecode.cpp.h; path = character.hpp; sourceTree = "<group>"; };
		CBFBA97C1CD996E200C8FBCE /* game2 */ = {isa = PBXFileReference; explicitFileType = "compiled.mach-o.executable"; includeInIndex = 0; path = game2; sourceTree = BUILT_PRODUCTS_DIR; };
		CBFBA9891CDA824200C8FBCE /* SDL2.framework */ = {isa = PBXFileReference; lastKnownFileType = wrapper.framework; name = SDL2.framework; path = ../../../../Library/Frameworks/SDL2.framework; sourceTree = "<group>"; };
		CBFBA98B1CDA828800C8FBCE /* SDL2_image.framework */ = {isa = PBXFileReference; lastKnownFileType = wrapper.framework; name = SDL2_image.framework; path = ../../../../Library/Frameworks/SDL2_image.framework; sourceTree = "<group>"; };
		CBFBA98D1CDA841400C8FBCE /* main.cpp */ = {isa = PBXFileReference; fileEncoding = 4; lastKnownFileType = sourcecode.cpp.cpp; path = main.cpp; sourceTree = "<group>"; };
		CBFBA98E1CDA841400C8FBCE /* main.hpp */ = {isa = PBXFileReference; fileEncoding = 4; lastKnownFileType = sourcecode.cpp.h; path = main.hpp; sourceTree = "<group>"; };
		CBFBA9911CDA85F000C8FBCE /* imports.hpp */ = {isa = PBXFileReference; fileEncoding = 4; lastKnownFileType = sourcecode.cpp.h; path = imports.hpp; sourceTree = "<group>"; };
		CBFBA9931CDA882C00C8FBCE /* sdl_setup.cpp */ = {isa = PBXFileReference; fileEncoding = 4; lastKnownFileType = sourcecode.cpp.cpp; path = sdl_setup.cpp; sourceTree = "<group>"; };
		CBFBA9941CDA882C00C8FBCE /* sdl_setup.hpp */ = {isa = PBXFileReference; fileEncoding = 4; lastKnownFileType = sourcecode.cpp.h; path = sdl_setup.hpp; sourceTree = "<group>"; };
		CBFBA9961CDA897500C8FBCE /* sprite.cpp */ = {isa = PBXFileReference; fileEncoding = 4; lastKnownFileType = sourcecode.cpp.cpp; path = sprite.cpp; sourceTree = "<group>"; };
		CBFBA9971CDA897500C8FBCE /* sprite.hpp */ = {isa = PBXFileReference; fileEncoding = 4; lastKnownFileType = sourcecode.cpp.h; path = sprite.hpp; sourceTree = "<group>"; };
		CBFBA9991CDA89C700C8FBCE /* collision_rectangle.cpp */ = {isa = PBXFileReference; fileEncoding = 4; lastKnownFileType = sourcecode.cpp.cpp; path = collision_rectangle.cpp; sourceTree = "<group>"; };
		CBFBA99A1CDA89C700C8FBCE /* collision_rectangle.hpp */ = {isa = PBXFileReference; fileEncoding = 4; lastKnownFileType = sourcecode.cpp.h; path = collision_rectangle.hpp; sourceTree = "<group>"; };
		CBFBA99C1CDA8A9100C8FBCE /* environment.cpp */ = {isa = PBXFileReference; fileEncoding = 4; lastKnownFileType = sourcecode.cpp.cpp; path = environment.cpp; sourceTree = "<group>"; };
		CBFBA99D1CDA8A9100C8FBCE /* environment.hpp */ = {isa = PBXFileReference; fileEncoding = 4; lastKnownFileType = sourcecode.cpp.h; path = environment.hpp; sourceTree = "<group>"; };
/* End PBXFileReference section */

/* Begin PBXFrameworksBuildPhase section */
		CBFBA9791CD996E200C8FBCE /* Frameworks */ = {
			isa = PBXFrameworksBuildPhase;
			buildActionMask = 2147483647;
			files = (
				CBFBA98C1CDA828800C8FBCE /* SDL2_image.framework in Frameworks */,
				CBFBA98A1CDA824200C8FBCE /* SDL2.framework in Frameworks */,
			);
			runOnlyForDeploymentPostprocessing = 0;
		};
/* End PBXFrameworksBuildPhase section */

/* Begin PBXGroup section */
		CBFBA9731CD996E200C8FBCE = {
			isa = PBXGroup;
			children = (
				CBFBA98B1CDA828800C8FBCE /* SDL2_image.framework */,
				CBFBA9891CDA824200C8FBCE /* SDL2.framework */,
				CBFBA97E1CD996E200C8FBCE /* game2 */,
				CBFBA97D1CD996E200C8FBCE /* Products */,
			);
			sourceTree = "<group>";
		};
		CBFBA97D1CD996E200C8FBCE /* Products */ = {
			isa = PBXGroup;
			children = (
				CBFBA97C1CD996E200C8FBCE /* game2 */,
			);
			name = Products;
			sourceTree = "<group>";
		};
		CBFBA97E1CD996E200C8FBCE /* game2 */ = {
			isa = PBXGroup;
			children = (
				CBF795C31CE04C26004B91FE /* images */,
				CBFBA98D1CDA841400C8FBCE /* main.cpp */,
				CBFBA98E1CDA841400C8FBCE /* main.hpp */,
				CBFBA9911CDA85F000C8FBCE /* imports.hpp */,
				CBFBA9931CDA882C00C8FBCE /* sdl_setup.cpp */,
				CBFBA9941CDA882C00C8FBCE /* sdl_setup.hpp */,
				CBFBA9961CDA897500C8FBCE /* sprite.cpp */,
				CBFBA9971CDA897500C8FBCE /* sprite.hpp */,
				CBFBA9991CDA89C700C8FBCE /* collision_rectangle.cpp */,
				CBFBA99A1CDA89C700C8FBCE /* collision_rectangle.hpp */,
				CBFBA99C1CDA8A9100C8FBCE /* environment.cpp */,
				CBFBA99D1CDA8A9100C8FBCE /* environment.hpp */,
				CBF795BD1CE042EF004B91FE /* main_function.cpp */,
				CBF795C71CE05963004B91FE /* character.cpp */,
				CBF795C81CE05963004B91FE /* character.hpp */,
				CB82FA631CE1163A00AB76A0 /* NPC.cpp */,
				CB82FA641CE1163A00AB76A0 /* NPC.hpp */,
				CB5DB8571CE3BA3C0091A1CD /* wall.cpp */,
				CB5DB8581CE3BA3C0091A1CD /* wall.hpp */,
			);
			path = game2;
			sourceTree = "<group>";
		};
/* End PBXGroup section */

/* Begin PBXNativeTarget section */
		CBFBA97B1CD996E200C8FBCE /* game2 */ = {
			isa = PBXNativeTarget;
			buildConfigurationList = CBFBA9831CD996E200C8FBCE /* Build configuration list for PBXNativeTarget "game2" */;
			buildPhases = (
				CBFBA9781CD996E200C8FBCE /* Sources */,
				CBFBA9791CD996E200C8FBCE /* Frameworks */,
				CBFBA97A1CD996E200C8FBCE /* CopyFiles */,
			);
			buildRules = (
			);
			dependencies = (
			);
			name = game2;
			productName = game2;
			productReference = CBFBA97C1CD996E200C8FBCE /* game2 */;
			productType = "com.apple.product-type.tool";
		};
/* End PBXNativeTarget section */

/* Begin PBXProject section */
		CBFBA9741CD996E200C8FBCE /* Project object */ = {
			isa = PBXProject;
			attributes = {
				LastUpgradeCheck = 0730;
				ORGANIZATIONNAME = SDL_Squad;
				TargetAttributes = {
					CBFBA97B1CD996E200C8FBCE = {
						CreatedOnToolsVersion = 7.3;
					};
				};
			};
			buildConfigurationList = CBFBA9771CD996E200C8FBCE /* Build configuration list for PBXProject "game2" */;
			compatibilityVersion = "Xcode 3.2";
			developmentRegion = English;
			hasScannedForEncodings = 0;
			knownRegions = (
				en,
			);
			mainGroup = CBFBA9731CD996E200C8FBCE;
			productRefGroup = CBFBA97D1CD996E200C8FBCE /* Products */;
			projectDirPath = "";
			projectRoot = "";
			targets = (
				CBFBA97B1CD996E200C8FBCE /* game2 */,
			);
		};
/* End PBXProject section */

/* Begin PBXSourcesBuildPhase section */
		CBFBA9781CD996E200C8FBCE /* Sources */ = {
			isa = PBXSourcesBuildPhase;
			buildActionMask = 2147483647;
			files = (
				CBF795BE1CE042EF004B91FE /* main_function.cpp in Sources */,
				CB82FA651CE1163A00AB76A0 /* NPC.cpp in Sources */,
				CB5DB8591CE3BA3C0091A1CD /* wall.cpp in Sources */,
				CBFBA99B1CDA89C700C8FBCE /* collision_rectangle.cpp in Sources */,
				CBFBA99E1CDA8A9100C8FBCE /* environment.cpp in Sources */,
				CBF795C91CE05963004B91FE /* character.cpp in Sources */,
				CBFBA98F1CDA841400C8FBCE /* main.cpp in Sources */,
				CBFBA9951CDA882C00C8FBCE /* sdl_setup.cpp in Sources */,
				CBFBA9981CDA897500C8FBCE /* sprite.cpp in Sources */,
			);
			runOnlyForDeploymentPostprocessing = 0;
		};
/* End PBXSourcesBuildPhase section */

/* Begin XCBuildConfiguration section */
		CBFBA9811CD996E200C8FBCE /* Debug */ = {
			isa = XCBuildConfiguration;
			buildSettings = {
				ALWAYS_SEARCH_USER_PATHS = NO;
				CLANG_ANALYZER_NONNULL = YES;
				CLANG_CXX_LANGUAGE_STANDARD = "gnu++0x";
				CLANG_CXX_LIBRARY = "libc++";
				CLANG_ENABLE_MODULES = YES;
				CLANG_ENABLE_OBJC_ARC = YES;
				CLANG_WARN_BOOL_CONVERSION = YES;
				CLANG_WARN_CONSTANT_CONVERSION = YES;
				CLANG_WARN_DIRECT_OBJC_ISA_USAGE = YES_ERROR;
				CLANG_WARN_EMPTY_BODY = YES;
				CLANG_WARN_ENUM_CONVERSION = YES;
				CLANG_WARN_INT_CONVERSION = YES;
				CLANG_WARN_OBJC_ROOT_CLASS = YES_ERROR;
				CLANG_WARN_UNREACHABLE_CODE = YES;
				CLANG_WARN__DUPLICATE_METHOD_MATCH = YES;
				CODE_SIGN_IDENTITY = "-";
				COPY_PHASE_STRIP = NO;
				DEBUG_INFORMATION_FORMAT = dwarf;
				ENABLE_STRICT_OBJC_MSGSEND = YES;
				ENABLE_TESTABILITY = YES;
				GCC_C_LANGUAGE_STANDARD = gnu99;
				GCC_DYNAMIC_NO_PIC = NO;
				GCC_NO_COMMON_BLOCKS = YES;
				GCC_OPTIMIZATION_LEVEL = 0;
				GCC_PREPROCESSOR_DEFINITIONS = (
					"DEBUG=1",
					"$(inherited)",
				);
				GCC_WARN_64_TO_32_BIT_CONVERSION = YES;
				GCC_WARN_ABOUT_RETURN_TYPE = YES_ERROR;
				GCC_WARN_UNDECLARED_SELECTOR = YES;
				GCC_WARN_UNINITIALIZED_AUTOS = YES_AGGRESSIVE;
				GCC_WARN_UNUSED_FUNCTION = YES;
				GCC_WARN_UNUSED_VARIABLE = YES;
				MACOSX_DEPLOYMENT_TARGET = 10.11;
				MTL_ENABLE_DEBUG_INFO = YES;
				ONLY_ACTIVE_ARCH = YES;
				SDKROOT = macosx;
			};
			name = Debug;
		};
		CBFBA9821CD996E200C8FBCE /* Release */ = {
			isa = XCBuildConfiguration;
			buildSettings = {
				ALWAYS_SEARCH_USER_PATHS = NO;
				CLANG_ANALYZER_NONNULL = YES;
				CLANG_CXX_LANGUAGE_STANDARD = "gnu++0x";
				CLANG_CXX_LIBRARY = "libc++";
				CLANG_ENABLE_MODULES = YES;
				CLANG_ENABLE_OBJC_ARC = YES;
				CLANG_WARN_BOOL_CONVERSION = YES;
				CLANG_WARN_CONSTANT_CONVERSION = YES;
				CLANG_WARN_DIRECT_OBJC_ISA_USAGE = YES_ERROR;
				CLANG_WARN_EMPTY_BODY = YES;
				CLANG_WARN_ENUM_CONVERSION = YES;
				CLANG_WARN_INT_CONVERSION = YES;
				CLANG_WARN_OBJC_ROOT_CLASS = YES_ERROR;
				CLANG_WARN_UNREACHABLE_CODE = YES;
				CLANG_WARN__DUPLICATE_METHOD_MATCH = YES;
				CODE_SIGN_IDENTITY = "-";
				COPY_PHASE_STRIP = NO;
				DEBUG_INFORMATION_FORMAT = "dwarf-with-dsym";
				ENABLE_NS_ASSERTIONS = NO;
				ENABLE_STRICT_OBJC_MSGSEND = YES;
				GCC_C_LANGUAGE_STANDARD = gnu99;
				GCC_NO_COMMON_BLOCKS = YES;
				GCC_WARN_64_TO_32_BIT_CONVERSION = YES;
				GCC_WARN_ABOUT_RETURN_TYPE = YES_ERROR;
				GCC_WARN_UNDECLARED_SELECTOR = YES;
				GCC_WARN_UNINITIALIZED_AUTOS = YES_AGGRESSIVE;
				GCC_WARN_UNUSED_FUNCTION = YES;
				GCC_WARN_UNUSED_VARIABLE = YES;
				MACOSX_DEPLOYMENT_TARGET = 10.11;
				MTL_ENABLE_DEBUG_INFO = NO;
				SDKROOT = macosx;
			};
			name = Release;
		};
		CBFBA9841CD996E200C8FBCE /* Debug */ = {
			isa = XCBuildConfiguration;
			buildSettings = {
				FRAMEWORK_SEARCH_PATHS = (
					"$(inherited)",
					"$(LOCAL_LIBRARY_DIR)/Frameworks",
				);
				PRODUCT_NAME = "$(TARGET_NAME)";
			};
			name = Debug;
		};
		CBFBA9851CD996E200C8FBCE /* Release */ = {
			isa = XCBuildConfiguration;
			buildSettings = {
				FRAMEWORK_SEARCH_PATHS = (
					"$(inherited)",
					"$(LOCAL_LIBRARY_DIR)/Frameworks",
				);
				PRODUCT_NAME = "$(TARGET_NAME)";
			};
			name = Release;
		};
/* End XCBuildConfiguration section */

/* Begin XCConfigurationList section */
		CBFBA9771CD996E200C8FBCE /* Build configuration list for PBXProject "game2" */ = {
			isa = XCConfigurationList;
			buildConfigurations = (
				CBFBA9811CD996E200C8FBCE /* Debug */,
				CBFBA9821CD996E200C8FBCE /* Release */,
			);
			defaultConfigurationIsVisible = 0;
			defaultConfigurationName = Release;
		};
		CBFBA9831CD996E200C8FBCE /* Build configuration list for PBXNativeTarget "game2" */ = {
			isa = XCConfigurationList;
			buildConfigurations = (
				CBFBA9841CD996E200C8FBCE /* Debug */,
				CBFBA9851CD996E200C8FBCE /* Release */,
			);
			defaultConfigurationIsVisible = 0;
			defaultConfigurationName = Release;
		};
/* End XCConfigurationList section */
	};
	rootObject = CBFBA9741CD996E200C8FBCE /* Project object */;
}
